
Microsoft Visual Studio Solution File, Format Version 12.00
# Visual Studio 15
VisualStudioVersion = 15.0.27130.2027
MinimumVisualStudioVersion = 10.0.40219.1
Project("{FAE04EC0-301F-11D3-BF4B-00C04F79EFBC}") = "Exemplo", "Exemplo\Exemplo.csproj", "{76BD6612-E933-4388-98E5-0A8785CE64BA}"
EndProject
Global
	GlobalSection(SolutionConfigurationPlatforms) = preSolution
		Debug|Any CPU = Debug|Any CPU
		Release|Any CPU = Release|Any CPU
	EndGlobalSection
	GlobalSection(ProjectConfigurationPlatforms) = postSolution
		{76BD6612-E933-4388-98E5-0A8785CE64BA}.Debug|Any CPU.ActiveCfg = Debug|Any CPU
		{76BD6612-E933-4388-98E5-0A8785CE64BA}.Debug|Any CPU.Build.0 = Debug|Any CPU
		{76BD6612-E933-4388-98E5-0A8785CE64BA}.Release|Any CPU.ActiveCfg = Release|Any CPU
		{76BD6612-E933-4388-98E5-0A8785CE64BA}.Release|Any CPU.Build.0 = Release|Any CPU
	EndGlobalSection
	GlobalSection(SolutionProperties) = preSolution
		HideSolutionNode = FALSE
	EndGlobalSection
	GlobalSection(ExtensibilityGlobals) = postSolution
		SolutionGuid = {86E1F04A-9D33-4F13-9B2F-85E687E0ED4C}
	EndGlobalSection
EndGlobal
